
Microsoft Visual Studio Solution File, Format Version 12.00
# Visual Studio 14
VisualStudioVersion = 14.0.25420.1
MinimumVisualStudioVersion = 10.0.40219.1
Project("{FAE04EC0-301F-11D3-BF4B-00C04F79EFBC}") = "InventorySystem_Demo", "InventorySystem_Demo\InventorySystem_Demo.csproj", "{1CE49310-A9AE-43EA-A81F-047C619C1A21}"
EndProject
Project("{FAE04EC0-301F-11D3-BF4B-00C04F79EFBC}") = "DataObjects", "DataObjects\DataObjects.csproj", "{7AEBFA94-73BE-48BB-B9B9-A8CEFFCDE8F1}"
EndProject
Project("{FAE04EC0-301F-11D3-BF4B-00C04F79EFBC}") = "IDataAccess", "IDataAccess\IDataAccess.csproj", "{F5CCF4DF-09A8-46BE-A48F-D65F97635A6A}"
EndProject
Project("{FAE04EC0-301F-11D3-BF4B-00C04F79EFBC}") = "InventorySystem_UnitTest", "InventorySystem_UnitTest\InventorySystem_UnitTest.csproj", "{68B47C22-4188-45A3-8971-3C6F54B16002}"
EndProject
Project("{FAE04EC0-301F-11D3-BF4B-00C04F79EFBC}") = "FactoryDataAccess", "FactoryDataAccess\FactoryDataAccess.csproj", "{74E97188-FBF4-4B26-A2F6-E12D26F44792}"
EndProject
Global
	GlobalSection(SolutionConfigurationPlatforms) = preSolution
		Debug|Any CPU = Debug|Any CPU
		Release|Any CPU = Release|Any CPU
	EndGlobalSection
	GlobalSection(ProjectConfigurationPlatforms) = postSolution
		{1CE49310-A9AE-43EA-A81F-047C619C1A21}.Debug|Any CPU.ActiveCfg = Debug|Any CPU
		{1CE49310-A9AE-43EA-A81F-047C619C1A21}.Debug|Any CPU.Build.0 = Debug|Any CPU
		{1CE49310-A9AE-43EA-A81F-047C619C1A21}.Release|Any CPU.ActiveCfg = Release|Any CPU
		{1CE49310-A9AE-43EA-A81F-047C619C1A21}.Release|Any CPU.Build.0 = Release|Any CPU
		{7AEBFA94-73BE-48BB-B9B9-A8CEFFCDE8F1}.Debug|Any CPU.ActiveCfg = Debug|Any CPU
		{7AEBFA94-73BE-48BB-B9B9-A8CEFFCDE8F1}.Debug|Any CPU.Build.0 = Debug|Any CPU
		{7AEBFA94-73BE-48BB-B9B9-A8CEFFCDE8F1}.Release|Any CPU.ActiveCfg = Release|Any CPU
		{7AEBFA94-73BE-48BB-B9B9-A8CEFFCDE8F1}.Release|Any CPU.Build.0 = Release|Any CPU
		{F5CCF4DF-09A8-46BE-A48F-D65F97635A6A}.Debug|Any CPU.ActiveCfg = Debug|Any CPU
		{F5CCF4DF-09A8-46BE-A48F-D65F97635A6A}.Debug|Any CPU.Build.0 = Debug|Any CPU
		{F5CCF4DF-09A8-46BE-A48F-D65F97635A6A}.Release|Any CPU.ActiveCfg = Release|Any CPU
		{F5CCF4DF-09A8-46BE-A48F-D65F97635A6A}.Release|Any CPU.Build.0 = Release|Any CPU
		{68B47C22-4188-45A3-8971-3C6F54B16002}.Debug|Any CPU.ActiveCfg = Debug|Any CPU
		{68B47C22-4188-45A3-8971-3C6F54B16002}.Debug|Any CPU.Build.0 = Debug|Any CPU
		{68B47C22-4188-45A3-8971-3C6F54B16002}.Release|Any CPU.ActiveCfg = Release|Any CPU
		{68B47C22-4188-45A3-8971-3C6F54B16002}.Release|Any CPU.Build.0 = Release|Any CPU
		{74E97188-FBF4-4B26-A2F6-E12D26F44792}.Debug|Any CPU.ActiveCfg = Debug|Any CPU
		{74E97188-FBF4-4B26-A2F6-E12D26F44792}.Debug|Any CPU.Build.0 = Debug|Any CPU
		{74E97188-FBF4-4B26-A2F6-E12D26F44792}.Release|Any CPU.ActiveCfg = Release|Any CPU
		{74E97188-FBF4-4B26-A2F6-E12D26F44792}.Release|Any CPU.Build.0 = Release|Any CPU
	EndGlobalSection
	GlobalSection(SolutionProperties) = preSolution
		HideSolutionNode = FALSE
	EndGlobalSection
EndGlobal
